<?xml version="1.0" encoding="utf-8"?>
<Project ToolsVersion="4.0" xmlns="http://schemas.microsoft.com/developer/msbuild/2003">
  <ItemGroup>
    <Filter Include="Header Files">
      <UniqueIdentifier>{3caa6c5d-daf0-4a92-9c11-189f3d78fba6}</UniqueIdentifier>
    </Filter>
    <Filter Include="Resource Files">
      <UniqueIdentifier>{1274db92-74db-4814-9b41-44538c578b35}</UniqueIdentifier>
    </Filter>
    <Filter Include="Source Files">
      <UniqueIdentifier>{4c80a356-40d9-47bc-afb1-14ffb7eefc64}</UniqueIdentifier>
    </Filter>
  </ItemGroup>
  <ItemGroup>
    <ClCompile Include="..\src\usb-relay.c">
      <Filter>Source Files</Filter>
    </ClCompile>
    <ClCompile Include="..\src\net.c">
      <Filter>Source Files</Filter>
    </ClCompile>
    <ClCompile Include="..\src\webio.c">
      <Filter>Source Files</Filter>
    </ClCompile>
    <ClCompile Include="..\src\yselect.c">
      <Filter>Source Files</Filter>
    </ClCompile>
    <ClCompile Include="..\src\arch.c">
      <Filter>Source Files</Filter>
    </ClCompile>
    <ClCompile Include="..\src\log.c">
      <Filter>Source Files</Filter>
    </ClCompile>
    <ClCompile Include="..\src\daemonize.c">
      <Filter>Source Files</Filter>
    </ClCompile>
    <ClCompile Include="..\src\wingetopt.c">
      <Filter>Source Files</Filter>
    </ClCompile>
  </ItemGroup>
  <ItemGroup>
    <None Include="..\src\makefile">
      <Filter>Resource Files</Filter>
    </None>
  </ItemGroup>
  <ItemGroup>
    <ClInclude Include="..\src\usb-relay.h">
      <Filter>Header Files</Filter>
    </ClInclude>
    <ClInclude Include="..\src\net.h">
      <Filter>Header Files</Filter>
    </ClInclude>
    <ClInclude Include="..\src\mytypes.h">
      <Filter>Header Files</Filter>
    </ClInclude>
    <ClInclude Include="..\src\webio.h">
      <Filter>Header Files</Filter>
    </ClInclude>
    <ClInclude Include="..\src\yselect.h">
      <Filter>Header Files</Filter>
    </ClInclude>
    <ClInclude Include="..\src\config.h">
      <Filter>Header Files</Filter>
    </ClInclude>
    <ClInclude Include="..\src\arch.h">
      <Filter>Header Files</Filter>
    </ClInclude>
    <ClInclude Include="..\src\daemonize.h">
      <Filter>Header Files</Filter>
    </ClInclude>
    <ClInclude Include="..\src\debug.h">
      <Filter>Header Files</Filter>
    </ClInclude>
    <ClInclude Include="..\src\log.h">
      <Filter>Header Files</Filter>
    </ClInclude>
    <ClInclude Include="..\src\wingetopt.h">
      <Filter>Header Files</Filter>
    </ClInclude>
  </ItemGroup>
</Project>