
Microsoft Visual Studio Solution File, Format Version 12.00
# Visual Studio 15
VisualStudioVersion = 15.0.28307.438
MinimumVisualStudioVersion = 10.0.40219.1
Project("{8BC9CEB8-8B4A-11D0-8D11-00A0C91BC942}") = "SainSmartUsbRelay", "SainSmartUsbRelay.vcxproj", "{0D3240CA-1BA1-9EAD-C8C7-9A40AAB3EA78}"
EndProject
Global
	GlobalSection(SolutionConfigurationPlatforms) = preSolution
		Debug|Win32 = Debug|Win32
		Release|Win32 = Release|Win32
	EndGlobalSection
	GlobalSection(ProjectConfigurationPlatforms) = postSolution
		{0D3240CA-1BA1-9EAD-C8C7-9A40AAB3EA78}.Debug|Win32.ActiveCfg = Debug|Win32
		{0D3240CA-1BA1-9EAD-C8C7-9A40AAB3EA78}.Debug|Win32.Build.0 = Debug|Win32
		{0D3240CA-1BA1-9EAD-C8C7-9A40AAB3EA78}.Release|Win32.ActiveCfg = Release|Win32
		{0D3240CA-1BA1-9EAD-C8C7-9A40AAB3EA78}.Release|Win32.Build.0 = Release|Win32
	EndGlobalSection
	GlobalSection(SolutionProperties) = preSolution
		HideSolutionNode = FALSE
	EndGlobalSection
	GlobalSection(ExtensibilityGlobals) = postSolution
		SolutionGuid = {AE0C6AB2-1A5C-4CFC-949C-68F94A95661A}
	EndGlobalSection
EndGlobal
